
Microsoft Visual Studio Solution File, Format Version 12.00
# Visual Studio Version 17
VisualStudioVersion = 17.8.34330.188
MinimumVisualStudioVersion = 10.0.40219.1
Project("{FAE04EC0-301F-11D3-BF4B-00C04F79EFBC}") = "Elatec.Net.Sample", "Elatec.Net.Sample.csproj", "{3A927015-5C33-4A61-91D6-BE87BA7C5C1B}"
EndProject
Project("{9A19103F-16F7-4668-BE54-9A1E7A4F7556}") = "Elatec.NET", "..\Elatec.NET\Elatec.NET.csproj", "{DC107EF2-8C25-45E6-AAF7-E20BFDE28043}"
EndProject
Global
	GlobalSection(SolutionConfigurationPlatforms) = preSolution
		Debug|Any CPU = Debug|Any CPU
		Release|Any CPU = Release|Any CPU
	EndGlobalSection
	GlobalSection(ProjectConfigurationPlatforms) = postSolution
		{3A927015-5C33-4A61-91D6-BE87BA7C5C1B}.Debug|Any CPU.ActiveCfg = Debug|Any CPU
		{3A927015-5C33-4A61-91D6-BE87BA7C5C1B}.Debug|Any CPU.Build.0 = Debug|Any CPU
		{3A927015-5C33-4A61-91D6-BE87BA7C5C1B}.Release|Any CPU.ActiveCfg = Release|Any CPU
		{3A927015-5C33-4A61-91D6-BE87BA7C5C1B}.Release|Any CPU.Build.0 = Release|Any CPU
		{DC107EF2-8C25-45E6-AAF7-E20BFDE28043}.Debug|Any CPU.ActiveCfg = Debug|Any CPU
		{DC107EF2-8C25-45E6-AAF7-E20BFDE28043}.Debug|Any CPU.Build.0 = Debug|Any CPU
		{DC107EF2-8C25-45E6-AAF7-E20BFDE28043}.Release|Any CPU.ActiveCfg = Release|Any CPU
		{DC107EF2-8C25-45E6-AAF7-E20BFDE28043}.Release|Any CPU.Build.0 = Release|Any CPU
	EndGlobalSection
	GlobalSection(SolutionProperties) = preSolution
		HideSolutionNode = FALSE
	EndGlobalSection
	GlobalSection(ExtensibilityGlobals) = postSolution
		SolutionGuid = {B54CF7CD-D70A-4F18-B85E-26B4D1EF0B67}
	EndGlobalSection
EndGlobal
